
Microsoft Visual Studio Solution File, Format Version 12.00
# Visual Studio Version 16
VisualStudioVersion = 16.0.30907.101
MinimumVisualStudioVersion = 10.0.40219.1
Project("{FAE04EC0-301F-11D3-BF4B-00C04F79EFBC}") = "DataStructuresAndAlgorithms", "DataStructuresAndAlgorithms.csproj", "{A7AC22D6-3238-418D-A9C3-DCD7628339BF}"
EndProject
Global
	GlobalSection(SolutionConfigurationPlatforms) = preSolution
		Debug|Any CPU = Debug|Any CPU
		Release|Any CPU = Release|Any CPU
	EndGlobalSection
	GlobalSection(ProjectConfigurationPlatforms) = postSolution
		{A7AC22D6-3238-418D-A9C3-DCD7628339BF}.Debug|Any CPU.ActiveCfg = Debug|Any CPU
		{A7AC22D6-3238-418D-A9C3-DCD7628339BF}.Debug|Any CPU.Build.0 = Debug|Any CPU
		{A7AC22D6-3238-418D-A9C3-DCD7628339BF}.Release|Any CPU.ActiveCfg = Release|Any CPU
		{A7AC22D6-3238-418D-A9C3-DCD7628339BF}.Release|Any CPU.Build.0 = Release|Any CPU
	EndGlobalSection
	GlobalSection(SolutionProperties) = preSolution
		HideSolutionNode = FALSE
	EndGlobalSection
	GlobalSection(ExtensibilityGlobals) = postSolution
		SolutionGuid = {BD646B24-1959-40C7-90BA-4AB2EF958888}
	EndGlobalSection
EndGlobal
